
Microsoft Visual Studio Solution File, Format Version 12.00
# Visual Studio Version 16
VisualStudioVersion = 16.0.30804.86
MinimumVisualStudioVersion = 10.0.40219.1
Project("{2150E333-8FDC-42A3-9474-1A3956D46DE8}") = "Shared", "Shared", "{ACA406ED-A661-472F-968D-62F09D734778}"
EndProject
Project("{2150E333-8FDC-42A3-9474-1A3956D46DE8}") = "ConsoleTools", "ConsoleTools", "{865B312D-4B17-49F3-89C7-9C4DF70763D7}"
EndProject
Project("{2150E333-8FDC-42A3-9474-1A3956D46DE8}") = "Orders", "Orders", "{9F2AAA5F-01D0-4237-9A25-C92EB0E2D4E0}"
EndProject
Project("{2150E333-8FDC-42A3-9474-1A3956D46DE8}") = "Payments", "Payments", "{B0954AC5-C82F-4227-B40B-4F195C768E27}"
EndProject
Project("{9A19103F-16F7-4668-BE54-9A1E7A4F7556}") = "KShop.CLI", "ConsoleTools\KShop.CLI\KShop.CLI.csproj", "{042B41BB-EC83-40EC-AFE7-AC818C07D32C}"
EndProject
Project("{9A19103F-16F7-4668-BE54-9A1E7A4F7556}") = "KShop.Orders.Domain", "Orders\KShop.Orders.Domain\KShop.Orders.Domain.csproj", "{71FCF804-0893-42D6-B95E-CCBF2971ABB3}"
EndProject
Project("{9A19103F-16F7-4668-BE54-9A1E7A4F7556}") = "KShop.Orders.Persistence", "Orders\KShop.Orders.Persistence\KShop.Orders.Persistence.csproj", "{76077835-F89C-4FC1-B3AD-58AB1448C146}"
EndProject
Project("{9A19103F-16F7-4668-BE54-9A1E7A4F7556}") = "KShop.Orders.UnitTests", "Orders\KShop.Orders.UnitTests\KShop.Orders.UnitTests.csproj", "{91010473-3DEE-45DE-92F5-1E970B29F1F6}"
EndProject
Project("{9A19103F-16F7-4668-BE54-9A1E7A4F7556}") = "KShop.Orders.WebApi", "Orders\KShop.Orders.WebApi\KShop.Orders.WebApi.csproj", "{E67F7103-BC51-4C2A-96AF-4FF930DB143F}"
EndProject
Project("{9A19103F-16F7-4668-BE54-9A1E7A4F7556}") = "KShop.Payments.Domain", "Payments\KShop.Payments.Domain\KShop.Payments.Domain.csproj", "{B00A3137-5218-49DA-81D1-CD8B107874C4}"
EndProject
Project("{9A19103F-16F7-4668-BE54-9A1E7A4F7556}") = "KShop.Payments.Persistence", "Payments\KShop.Payments.Persistence\KShop.Payments.Persistence.csproj", "{E251F37A-C23D-4DAA-BEDB-789D1C11A9B9}"
EndProject
Project("{9A19103F-16F7-4668-BE54-9A1E7A4F7556}") = "KShop.Payments.UnitTests", "Payments\KShop.Payments.UnitTests\KShop.Payments.UnitTests.csproj", "{52744313-6134-44F4-AD79-E8128A08F0CE}"
EndProject
Project("{9A19103F-16F7-4668-BE54-9A1E7A4F7556}") = "KShop.Payments.WebApi", "Payments\KShop.Payments.WebApi\KShop.Payments.WebApi.csproj", "{9E6E3CF0-5790-4A95-A98D-B7850E886690}"
EndProject
Project("{2150E333-8FDC-42A3-9474-1A3956D46DE8}") = "Shipments", "Shipments", "{C40C0E21-18D4-487D-B33A-116BBC1DFB43}"
EndProject
Project("{9A19103F-16F7-4668-BE54-9A1E7A4F7556}") = "KShop.Shipments.Domain", "Shipments\KShop.Shipments.Domain\KShop.Shipments.Domain.csproj", "{3515EEAE-CCCD-4055-9834-201DBF862C2D}"
EndProject
Project("{9A19103F-16F7-4668-BE54-9A1E7A4F7556}") = "KShop.Shipments.Persistence", "Shipments\KShop.Shipments.Persistence\KShop.Shipments.Persistence.csproj", "{BCE57CDB-9B0F-4715-AE64-B68CCE7E2B1A}"
EndProject
Project("{9A19103F-16F7-4668-BE54-9A1E7A4F7556}") = "KShop.Shipments.WebApi", "Shipments\KShop.Shipments.WebApi\KShop.Shipments.WebApi.csproj", "{447E4A06-9F0D-49A8-A06D-C3FECA8E1B67}"
EndProject
Project("{9A19103F-16F7-4668-BE54-9A1E7A4F7556}") = "KShop.Shipments.UnitTests", "Shipments\KShop.Shipments.UnitTests\KShop.Shipments.UnitTests.csproj", "{29B6E853-4AC6-41CA-BD27-57DAF2A45162}"
EndProject
Project("{2150E333-8FDC-42A3-9474-1A3956D46DE8}") = "Solution Items", "Solution Items", "{7EA33F6D-A241-4345-9C80-1759CAC054B5}"
	ProjectSection(SolutionItems) = preProject
		..\docs\Journal.txt = ..\docs\Journal.txt
	EndProjectSection
EndProject
Project("{2150E333-8FDC-42A3-9474-1A3956D46DE8}") = "Products", "Products", "{6961129A-47C5-485D-945C-2BA0DD2AE8FE}"
EndProject
Project("{9A19103F-16F7-4668-BE54-9A1E7A4F7556}") = "KShop.Products.Domain", "Products\KShop.Products.Domain\KShop.Products.Domain.csproj", "{CAC6BC85-72DE-403A-AFAA-66CF30CA37E3}"
EndProject
Project("{9A19103F-16F7-4668-BE54-9A1E7A4F7556}") = "KShop.Products.Persistence", "Products\KShop.Products.Persistence\KShop.Products.Persistence.csproj", "{6B3090C6-EA6A-4A7F-8470-16965B8D32FA}"
EndProject
Project("{9A19103F-16F7-4668-BE54-9A1E7A4F7556}") = "KShop.Products.UnitTests", "Products\KShop.Products.UnitTests\KShop.Products.UnitTests.csproj", "{4EEEA8C2-EDB4-43B8-8D47-10DB99FCDF06}"
EndProject
Project("{9A19103F-16F7-4668-BE54-9A1E7A4F7556}") = "KShop.Products.WebApi", "Products\KShop.Products.WebApi\KShop.Products.WebApi.csproj", "{8ED2C4AC-1C40-4A34-B112-0084AFD8A77E}"
EndProject
Project("{2150E333-8FDC-42A3-9474-1A3956D46DE8}") = "Carts", "Carts", "{C30DBFD7-5C04-48FA-87B0-D89FFF73DCF1}"
EndProject
Project("{9A19103F-16F7-4668-BE54-9A1E7A4F7556}") = "KShop.Carts.Domain", "Carts\KShop.Carts.Domain\KShop.Carts.Domain.csproj", "{2D459901-8635-477D-ADE3-C2A67D382242}"
EndProject
Project("{9A19103F-16F7-4668-BE54-9A1E7A4F7556}") = "KShop.Carts.Persistence", "Carts\KShop.Carts.Persistence\KShop.Carts.Persistence.csproj", "{A2C91EE7-8AC6-4646-A8E7-477934417B5F}"
EndProject
Project("{9A19103F-16F7-4668-BE54-9A1E7A4F7556}") = "KShop.Carts.WebApi", "Carts\KShop.Carts.WebApi\KShop.Carts.WebApi.csproj", "{B9B85E16-9544-4092-8B18-BD323B905A2C}"
EndProject
Project("{9A19103F-16F7-4668-BE54-9A1E7A4F7556}") = "KShop.Carts.UnitTests", "Carts\KShop.Carts.UnitTests\KShop.Carts.UnitTests.csproj", "{5542D5A1-FB6B-4FAC-842B-71312CA2E66E}"
EndProject
Project("{2150E333-8FDC-42A3-9474-1A3956D46DE8}") = "Identities", "Identities", "{1AAF1EC7-7CBF-4AEA-8FB1-F6CD55150741}"
EndProject
Project("{9A19103F-16F7-4668-BE54-9A1E7A4F7556}") = "KShop.Identities.WebApi", "Identities\KShop.Identities.WebApi\KShop.Identities.WebApi.csproj", "{8CF7F133-338C-4C27-A1E7-F7AC71E4F68D}"
EndProject
Project("{9A19103F-16F7-4668-BE54-9A1E7A4F7556}") = "KShop.Identities.Persistence", "Identities\KShop.Identities.Persistence\KShop.Identities.Persistence.csproj", "{80EE9259-2190-4EA0-8455-63ED0A9E570D}"
EndProject
Project("{9A19103F-16F7-4668-BE54-9A1E7A4F7556}") = "KShop.Identities.Domain", "Identities\KShop.Identities.Domain\KShop.Identities.Domain.csproj", "{89F4EBF4-505F-45E3-BBAA-F98AF9504577}"
EndProject
Project("{9A19103F-16F7-4668-BE54-9A1E7A4F7556}") = "KShop.Shared.WebApi", "Shared\KShop.Shared.WebApi\KShop.Shared.WebApi.csproj", "{DE6CF5AA-5780-4FEC-96DD-FD84BE456F02}"
EndProject
Project("{9A19103F-16F7-4668-BE54-9A1E7A4F7556}") = "KShop.Shared.Authentication", "Shared\KShop.Shared.Authentication\KShop.Shared.Authentication.csproj", "{DE112CEF-9EC7-4029-900E-FEF7B03C87E4}"
EndProject
Project("{9A19103F-16F7-4668-BE54-9A1E7A4F7556}") = "KShop.Shared.Domain.Contracts", "Shared\KShop.Shared.Domain.Contracts\KShop.Shared.Domain.Contracts.csproj", "{547F0064-BED2-4A5A-869C-3716156836DD}"
EndProject
Project("{9A19103F-16F7-4668-BE54-9A1E7A4F7556}") = "KShop.Shared.Integration.Contracts", "Shared\KShop.Shared.Integration.Contracts\KShop.Shared.Integration.Contracts.csproj", "{9E06FE8A-4D8F-4AB0-860C-91822D1AD518}"
EndProject
Project("{9A19103F-16F7-4668-BE54-9A1E7A4F7556}") = "KShop.Shared.Integration.MassTransit", "Shared\KShop.Shared.Integration.MassTransit\KShop.Shared.Integration.MassTransit.csproj", "{D5409B87-71C4-4C6C-AEA5-6CA12B396D46}"
EndProject
Project("{FAE04EC0-301F-11D3-BF4B-00C04F79EFBC}") = "KShop.Shared.Persistence.Services", "Shared\KShop.Shared.Persistence.Services\KShop.Shared.Persistence.Services.csproj", "{4DC74438-3770-470E-B9BF-1A4F8E9BADC8}"
EndProject
Global
	GlobalSection(SolutionConfigurationPlatforms) = preSolution
		Debug|Any CPU = Debug|Any CPU
		Release|Any CPU = Release|Any CPU
	EndGlobalSection
	GlobalSection(ProjectConfigurationPlatforms) = postSolution
		{042B41BB-EC83-40EC-AFE7-AC818C07D32C}.Debug|Any CPU.ActiveCfg = Debug|Any CPU
		{042B41BB-EC83-40EC-AFE7-AC818C07D32C}.Debug|Any CPU.Build.0 = Debug|Any CPU
		{042B41BB-EC83-40EC-AFE7-AC818C07D32C}.Release|Any CPU.ActiveCfg = Release|Any CPU
		{042B41BB-EC83-40EC-AFE7-AC818C07D32C}.Release|Any CPU.Build.0 = Release|Any CPU
		{71FCF804-0893-42D6-B95E-CCBF2971ABB3}.Debug|Any CPU.ActiveCfg = Debug|Any CPU
		{71FCF804-0893-42D6-B95E-CCBF2971ABB3}.Debug|Any CPU.Build.0 = Debug|Any CPU
		{71FCF804-0893-42D6-B95E-CCBF2971ABB3}.Release|Any CPU.ActiveCfg = Release|Any CPU
		{71FCF804-0893-42D6-B95E-CCBF2971ABB3}.Release|Any CPU.Build.0 = Release|Any CPU
		{76077835-F89C-4FC1-B3AD-58AB1448C146}.Debug|Any CPU.ActiveCfg = Debug|Any CPU
		{76077835-F89C-4FC1-B3AD-58AB1448C146}.Debug|Any CPU.Build.0 = Debug|Any CPU
		{76077835-F89C-4FC1-B3AD-58AB1448C146}.Release|Any CPU.ActiveCfg = Release|Any CPU
		{76077835-F89C-4FC1-B3AD-58AB1448C146}.Release|Any CPU.Build.0 = Release|Any CPU
		{91010473-3DEE-45DE-92F5-1E970B29F1F6}.Debug|Any CPU.ActiveCfg = Debug|Any CPU
		{91010473-3DEE-45DE-92F5-1E970B29F1F6}.Debug|Any CPU.Build.0 = Debug|Any CPU
		{91010473-3DEE-45DE-92F5-1E970B29F1F6}.Release|Any CPU.ActiveCfg = Release|Any CPU
		{91010473-3DEE-45DE-92F5-1E970B29F1F6}.Release|Any CPU.Build.0 = Release|Any CPU
		{E67F7103-BC51-4C2A-96AF-4FF930DB143F}.Debug|Any CPU.ActiveCfg = Debug|Any CPU
		{E67F7103-BC51-4C2A-96AF-4FF930DB143F}.Debug|Any CPU.Build.0 = Debug|Any CPU
		{E67F7103-BC51-4C2A-96AF-4FF930DB143F}.Release|Any CPU.ActiveCfg = Release|Any CPU
		{E67F7103-BC51-4C2A-96AF-4FF930DB143F}.Release|Any CPU.Build.0 = Release|Any CPU
		{B00A3137-5218-49DA-81D1-CD8B107874C4}.Debug|Any CPU.ActiveCfg = Debug|Any CPU
		{B00A3137-5218-49DA-81D1-CD8B107874C4}.Debug|Any CPU.Build.0 = Debug|Any CPU
		{B00A3137-5218-49DA-81D1-CD8B107874C4}.Release|Any CPU.ActiveCfg = Release|Any CPU
		{B00A3137-5218-49DA-81D1-CD8B107874C4}.Release|Any CPU.Build.0 = Release|Any CPU
		{E251F37A-C23D-4DAA-BEDB-789D1C11A9B9}.Debug|Any CPU.ActiveCfg = Debug|Any CPU
		{E251F37A-C23D-4DAA-BEDB-789D1C11A9B9}.Debug|Any CPU.Build.0 = Debug|Any CPU
		{E251F37A-C23D-4DAA-BEDB-789D1C11A9B9}.Release|Any CPU.ActiveCfg = Release|Any CPU
		{E251F37A-C23D-4DAA-BEDB-789D1C11A9B9}.Release|Any CPU.Build.0 = Release|Any CPU
		{52744313-6134-44F4-AD79-E8128A08F0CE}.Debug|Any CPU.ActiveCfg = Debug|Any CPU
		{52744313-6134-44F4-AD79-E8128A08F0CE}.Debug|Any CPU.Build.0 = Debug|Any CPU
		{52744313-6134-44F4-AD79-E8128A08F0CE}.Release|Any CPU.ActiveCfg = Release|Any CPU
		{52744313-6134-44F4-AD79-E8128A08F0CE}.Release|Any CPU.Build.0 = Release|Any CPU
		{9E6E3CF0-5790-4A95-A98D-B7850E886690}.Debug|Any CPU.ActiveCfg = Debug|Any CPU
		{9E6E3CF0-5790-4A95-A98D-B7850E886690}.Debug|Any CPU.Build.0 = Debug|Any CPU
		{9E6E3CF0-5790-4A95-A98D-B7850E886690}.Release|Any CPU.ActiveCfg = Release|Any CPU
		{9E6E3CF0-5790-4A95-A98D-B7850E886690}.Release|Any CPU.Build.0 = Release|Any CPU
		{3515EEAE-CCCD-4055-9834-201DBF862C2D}.Debug|Any CPU.ActiveCfg = Debug|Any CPU
		{3515EEAE-CCCD-4055-9834-201DBF862C2D}.Debug|Any CPU.Build.0 = Debug|Any CPU
		{3515EEAE-CCCD-4055-9834-201DBF862C2D}.Release|Any CPU.ActiveCfg = Release|Any CPU
		{3515EEAE-CCCD-4055-9834-201DBF862C2D}.Release|Any CPU.Build.0 = Release|Any CPU
		{BCE57CDB-9B0F-4715-AE64-B68CCE7E2B1A}.Debug|Any CPU.ActiveCfg = Debug|Any CPU
		{BCE57CDB-9B0F-4715-AE64-B68CCE7E2B1A}.Debug|Any CPU.Build.0 = Debug|Any CPU
		{BCE57CDB-9B0F-4715-AE64-B68CCE7E2B1A}.Release|Any CPU.ActiveCfg = Release|Any CPU
		{BCE57CDB-9B0F-4715-AE64-B68CCE7E2B1A}.Release|Any CPU.Build.0 = Release|Any CPU
		{447E4A06-9F0D-49A8-A06D-C3FECA8E1B67}.Debug|Any CPU.ActiveCfg = Debug|Any CPU
		{447E4A06-9F0D-49A8-A06D-C3FECA8E1B67}.Debug|Any CPU.Build.0 = Debug|Any CPU
		{447E4A06-9F0D-49A8-A06D-C3FECA8E1B67}.Release|Any CPU.ActiveCfg = Release|Any CPU
		{447E4A06-9F0D-49A8-A06D-C3FECA8E1B67}.Release|Any CPU.Build.0 = Release|Any CPU
		{29B6E853-4AC6-41CA-BD27-57DAF2A45162}.Debug|Any CPU.ActiveCfg = Debug|Any CPU
		{29B6E853-4AC6-41CA-BD27-57DAF2A45162}.Debug|Any CPU.Build.0 = Debug|Any CPU
		{29B6E853-4AC6-41CA-BD27-57DAF2A45162}.Release|Any CPU.ActiveCfg = Release|Any CPU
		{29B6E853-4AC6-41CA-BD27-57DAF2A45162}.Release|Any CPU.Build.0 = Release|Any CPU
		{CAC6BC85-72DE-403A-AFAA-66CF30CA37E3}.Debug|Any CPU.ActiveCfg = Debug|Any CPU
		{CAC6BC85-72DE-403A-AFAA-66CF30CA37E3}.Debug|Any CPU.Build.0 = Debug|Any CPU
		{CAC6BC85-72DE-403A-AFAA-66CF30CA37E3}.Release|Any CPU.ActiveCfg = Release|Any CPU
		{CAC6BC85-72DE-403A-AFAA-66CF30CA37E3}.Release|Any CPU.Build.0 = Release|Any CPU
		{6B3090C6-EA6A-4A7F-8470-16965B8D32FA}.Debug|Any CPU.ActiveCfg = Debug|Any CPU
		{6B3090C6-EA6A-4A7F-8470-16965B8D32FA}.Debug|Any CPU.Build.0 = Debug|Any CPU
		{6B3090C6-EA6A-4A7F-8470-16965B8D32FA}.Release|Any CPU.ActiveCfg = Release|Any CPU
		{6B3090C6-EA6A-4A7F-8470-16965B8D32FA}.Release|Any CPU.Build.0 = Release|Any CPU
		{4EEEA8C2-EDB4-43B8-8D47-10DB99FCDF06}.Debug|Any CPU.ActiveCfg = Debug|Any CPU
		{4EEEA8C2-EDB4-43B8-8D47-10DB99FCDF06}.Debug|Any CPU.Build.0 = Debug|Any CPU
		{4EEEA8C2-EDB4-43B8-8D47-10DB99FCDF06}.Release|Any CPU.ActiveCfg = Release|Any CPU
		{4EEEA8C2-EDB4-43B8-8D47-10DB99FCDF06}.Release|Any CPU.Build.0 = Release|Any CPU
		{8ED2C4AC-1C40-4A34-B112-0084AFD8A77E}.Debug|Any CPU.ActiveCfg = Debug|Any CPU
		{8ED2C4AC-1C40-4A34-B112-0084AFD8A77E}.Debug|Any CPU.Build.0 = Debug|Any CPU
		{8ED2C4AC-1C40-4A34-B112-0084AFD8A77E}.Release|Any CPU.ActiveCfg = Release|Any CPU
		{8ED2C4AC-1C40-4A34-B112-0084AFD8A77E}.Release|Any CPU.Build.0 = Release|Any CPU
		{2D459901-8635-477D-ADE3-C2A67D382242}.Debug|Any CPU.ActiveCfg = Debug|Any CPU
		{2D459901-8635-477D-ADE3-C2A67D382242}.Debug|Any CPU.Build.0 = Debug|Any CPU
		{2D459901-8635-477D-ADE3-C2A67D382242}.Release|Any CPU.ActiveCfg = Release|Any CPU
		{2D459901-8635-477D-ADE3-C2A67D382242}.Release|Any CPU.Build.0 = Release|Any CPU
		{A2C91EE7-8AC6-4646-A8E7-477934417B5F}.Debug|Any CPU.ActiveCfg = Debug|Any CPU
		{A2C91EE7-8AC6-4646-A8E7-477934417B5F}.Debug|Any CPU.Build.0 = Debug|Any CPU
		{A2C91EE7-8AC6-4646-A8E7-477934417B5F}.Release|Any CPU.ActiveCfg = Release|Any CPU
		{A2C91EE7-8AC6-4646-A8E7-477934417B5F}.Release|Any CPU.Build.0 = Release|Any CPU
		{B9B85E16-9544-4092-8B18-BD323B905A2C}.Debug|Any CPU.ActiveCfg = Debug|Any CPU
		{B9B85E16-9544-4092-8B18-BD323B905A2C}.Debug|Any CPU.Build.0 = Debug|Any CPU
		{B9B85E16-9544-4092-8B18-BD323B905A2C}.Release|Any CPU.ActiveCfg = Release|Any CPU
		{B9B85E16-9544-4092-8B18-BD323B905A2C}.Release|Any CPU.Build.0 = Release|Any CPU
		{5542D5A1-FB6B-4FAC-842B-71312CA2E66E}.Debug|Any CPU.ActiveCfg = Debug|Any CPU
		{5542D5A1-FB6B-4FAC-842B-71312CA2E66E}.Debug|Any CPU.Build.0 = Debug|Any CPU
		{5542D5A1-FB6B-4FAC-842B-71312CA2E66E}.Release|Any CPU.ActiveCfg = Release|Any CPU
		{5542D5A1-FB6B-4FAC-842B-71312CA2E66E}.Release|Any CPU.Build.0 = Release|Any CPU
		{8CF7F133-338C-4C27-A1E7-F7AC71E4F68D}.Debug|Any CPU.ActiveCfg = Debug|Any CPU
		{8CF7F133-338C-4C27-A1E7-F7AC71E4F68D}.Debug|Any CPU.Build.0 = Debug|Any CPU
		{8CF7F133-338C-4C27-A1E7-F7AC71E4F68D}.Release|Any CPU.ActiveCfg = Release|Any CPU
		{8CF7F133-338C-4C27-A1E7-F7AC71E4F68D}.Release|Any CPU.Build.0 = Release|Any CPU
		{80EE9259-2190-4EA0-8455-63ED0A9E570D}.Debug|Any CPU.ActiveCfg = Debug|Any CPU
		{80EE9259-2190-4EA0-8455-63ED0A9E570D}.Debug|Any CPU.Build.0 = Debug|Any CPU
		{80EE9259-2190-4EA0-8455-63ED0A9E570D}.Release|Any CPU.ActiveCfg = Release|Any CPU
		{80EE9259-2190-4EA0-8455-63ED0A9E570D}.Release|Any CPU.Build.0 = Release|Any CPU
		{89F4EBF4-505F-45E3-BBAA-F98AF9504577}.Debug|Any CPU.ActiveCfg = Debug|Any CPU
		{89F4EBF4-505F-45E3-BBAA-F98AF9504577}.Debug|Any CPU.Build.0 = Debug|Any CPU
		{89F4EBF4-505F-45E3-BBAA-F98AF9504577}.Release|Any CPU.ActiveCfg = Release|Any CPU
		{89F4EBF4-505F-45E3-BBAA-F98AF9504577}.Release|Any CPU.Build.0 = Release|Any CPU
		{DE6CF5AA-5780-4FEC-96DD-FD84BE456F02}.Debug|Any CPU.ActiveCfg = Debug|Any CPU
		{DE6CF5AA-5780-4FEC-96DD-FD84BE456F02}.Debug|Any CPU.Build.0 = Debug|Any CPU
		{DE6CF5AA-5780-4FEC-96DD-FD84BE456F02}.Release|Any CPU.ActiveCfg = Release|Any CPU
		{DE6CF5AA-5780-4FEC-96DD-FD84BE456F02}.Release|Any CPU.Build.0 = Release|Any CPU
		{DE112CEF-9EC7-4029-900E-FEF7B03C87E4}.Debug|Any CPU.ActiveCfg = Debug|Any CPU
		{DE112CEF-9EC7-4029-900E-FEF7B03C87E4}.Debug|Any CPU.Build.0 = Debug|Any CPU
		{DE112CEF-9EC7-4029-900E-FEF7B03C87E4}.Release|Any CPU.ActiveCfg = Release|Any CPU
		{DE112CEF-9EC7-4029-900E-FEF7B03C87E4}.Release|Any CPU.Build.0 = Release|Any CPU
		{547F0064-BED2-4A5A-869C-3716156836DD}.Debug|Any CPU.ActiveCfg = Debug|Any CPU
		{547F0064-BED2-4A5A-869C-3716156836DD}.Debug|Any CPU.Build.0 = Debug|Any CPU
		{547F0064-BED2-4A5A-869C-3716156836DD}.Release|Any CPU.ActiveCfg = Release|Any CPU
		{547F0064-BED2-4A5A-869C-3716156836DD}.Release|Any CPU.Build.0 = Release|Any CPU
		{9E06FE8A-4D8F-4AB0-860C-91822D1AD518}.Debug|Any CPU.ActiveCfg = Debug|Any CPU
		{9E06FE8A-4D8F-4AB0-860C-91822D1AD518}.Debug|Any CPU.Build.0 = Debug|Any CPU
		{9E06FE8A-4D8F-4AB0-860C-91822D1AD518}.Release|Any CPU.ActiveCfg = Release|Any CPU
		{9E06FE8A-4D8F-4AB0-860C-91822D1AD518}.Release|Any CPU.Build.0 = Release|Any CPU
		{D5409B87-71C4-4C6C-AEA5-6CA12B396D46}.Debug|Any CPU.ActiveCfg = Debug|Any CPU
		{D5409B87-71C4-4C6C-AEA5-6CA12B396D46}.Debug|Any CPU.Build.0 = Debug|Any CPU
		{D5409B87-71C4-4C6C-AEA5-6CA12B396D46}.Release|Any CPU.ActiveCfg = Release|Any CPU
		{D5409B87-71C4-4C6C-AEA5-6CA12B396D46}.Release|Any CPU.Build.0 = Release|Any CPU
		{4DC74438-3770-470E-B9BF-1A4F8E9BADC8}.Debug|Any CPU.ActiveCfg = Debug|Any CPU
		{4DC74438-3770-470E-B9BF-1A4F8E9BADC8}.Debug|Any CPU.Build.0 = Debug|Any CPU
		{4DC74438-3770-470E-B9BF-1A4F8E9BADC8}.Release|Any CPU.ActiveCfg = Release|Any CPU
		{4DC74438-3770-470E-B9BF-1A4F8E9BADC8}.Release|Any CPU.Build.0 = Release|Any CPU
	EndGlobalSection
	GlobalSection(SolutionProperties) = preSolution
		HideSolutionNode = FALSE
	EndGlobalSection
	GlobalSection(NestedProjects) = preSolution
		{042B41BB-EC83-40EC-AFE7-AC818C07D32C} = {865B312D-4B17-49F3-89C7-9C4DF70763D7}
		{71FCF804-0893-42D6-B95E-CCBF2971ABB3} = {9F2AAA5F-01D0-4237-9A25-C92EB0E2D4E0}
		{76077835-F89C-4FC1-B3AD-58AB1448C146} = {9F2AAA5F-01D0-4237-9A25-C92EB0E2D4E0}
		{91010473-3DEE-45DE-92F5-1E970B29F1F6} = {9F2AAA5F-01D0-4237-9A25-C92EB0E2D4E0}
		{E67F7103-BC51-4C2A-96AF-4FF930DB143F} = {9F2AAA5F-01D0-4237-9A25-C92EB0E2D4E0}
		{B00A3137-5218-49DA-81D1-CD8B107874C4} = {B0954AC5-C82F-4227-B40B-4F195C768E27}
		{E251F37A-C23D-4DAA-BEDB-789D1C11A9B9} = {B0954AC5-C82F-4227-B40B-4F195C768E27}
		{52744313-6134-44F4-AD79-E8128A08F0CE} = {B0954AC5-C82F-4227-B40B-4F195C768E27}
		{9E6E3CF0-5790-4A95-A98D-B7850E886690} = {B0954AC5-C82F-4227-B40B-4F195C768E27}
		{3515EEAE-CCCD-4055-9834-201DBF862C2D} = {C40C0E21-18D4-487D-B33A-116BBC1DFB43}
		{BCE57CDB-9B0F-4715-AE64-B68CCE7E2B1A} = {C40C0E21-18D4-487D-B33A-116BBC1DFB43}
		{447E4A06-9F0D-49A8-A06D-C3FECA8E1B67} = {C40C0E21-18D4-487D-B33A-116BBC1DFB43}
		{29B6E853-4AC6-41CA-BD27-57DAF2A45162} = {C40C0E21-18D4-487D-B33A-116BBC1DFB43}
		{CAC6BC85-72DE-403A-AFAA-66CF30CA37E3} = {6961129A-47C5-485D-945C-2BA0DD2AE8FE}
		{6B3090C6-EA6A-4A7F-8470-16965B8D32FA} = {6961129A-47C5-485D-945C-2BA0DD2AE8FE}
		{4EEEA8C2-EDB4-43B8-8D47-10DB99FCDF06} = {6961129A-47C5-485D-945C-2BA0DD2AE8FE}
		{8ED2C4AC-1C40-4A34-B112-0084AFD8A77E} = {6961129A-47C5-485D-945C-2BA0DD2AE8FE}
		{2D459901-8635-477D-ADE3-C2A67D382242} = {C30DBFD7-5C04-48FA-87B0-D89FFF73DCF1}
		{A2C91EE7-8AC6-4646-A8E7-477934417B5F} = {C30DBFD7-5C04-48FA-87B0-D89FFF73DCF1}
		{B9B85E16-9544-4092-8B18-BD323B905A2C} = {C30DBFD7-5C04-48FA-87B0-D89FFF73DCF1}
		{5542D5A1-FB6B-4FAC-842B-71312CA2E66E} = {C30DBFD7-5C04-48FA-87B0-D89FFF73DCF1}
		{8CF7F133-338C-4C27-A1E7-F7AC71E4F68D} = {1AAF1EC7-7CBF-4AEA-8FB1-F6CD55150741}
		{80EE9259-2190-4EA0-8455-63ED0A9E570D} = {1AAF1EC7-7CBF-4AEA-8FB1-F6CD55150741}
		{89F4EBF4-505F-45E3-BBAA-F98AF9504577} = {1AAF1EC7-7CBF-4AEA-8FB1-F6CD55150741}
		{DE6CF5AA-5780-4FEC-96DD-FD84BE456F02} = {ACA406ED-A661-472F-968D-62F09D734778}
		{DE112CEF-9EC7-4029-900E-FEF7B03C87E4} = {ACA406ED-A661-472F-968D-62F09D734778}
		{547F0064-BED2-4A5A-869C-3716156836DD} = {ACA406ED-A661-472F-968D-62F09D734778}
		{9E06FE8A-4D8F-4AB0-860C-91822D1AD518} = {ACA406ED-A661-472F-968D-62F09D734778}
		{D5409B87-71C4-4C6C-AEA5-6CA12B396D46} = {ACA406ED-A661-472F-968D-62F09D734778}
		{4DC74438-3770-470E-B9BF-1A4F8E9BADC8} = {ACA406ED-A661-472F-968D-62F09D734778}
	EndGlobalSection
	GlobalSection(ExtensibilityGlobals) = postSolution
		SolutionGuid = {E42DFB36-0387-4155-910C-9F61C0961023}
	EndGlobalSection
EndGlobal
